
Microsoft Visual Studio Solution File, Format Version 12.00
# Visual Studio Version 16
VisualStudioVersion = 16.0.28803.202
MinimumVisualStudioVersion = 10.0.40219.1
Project("{FAE04EC0-301F-11D3-BF4B-00C04F79EFBC}") = "LibraryCloud", "LibraryCloud\LibraryCloud.csproj", "{73CC4047-6C8B-4476-8744-FBC1038F0305}"
EndProject
Global
	GlobalSection(SolutionConfigurationPlatforms) = preSolution
		Debug|Any CPU = Debug|Any CPU
		Release|Any CPU = Release|Any CPU
	EndGlobalSection
	GlobalSection(ProjectConfigurationPlatforms) = postSolution
		{73CC4047-6C8B-4476-8744-FBC1038F0305}.Debug|Any CPU.ActiveCfg = Debug|Any CPU
		{73CC4047-6C8B-4476-8744-FBC1038F0305}.Debug|Any CPU.Build.0 = Debug|Any CPU
		{73CC4047-6C8B-4476-8744-FBC1038F0305}.Release|Any CPU.ActiveCfg = Release|Any CPU
		{73CC4047-6C8B-4476-8744-FBC1038F0305}.Release|Any CPU.Build.0 = Release|Any CPU
	EndGlobalSection
	GlobalSection(SolutionProperties) = preSolution
		HideSolutionNode = FALSE
	EndGlobalSection
	GlobalSection(ExtensibilityGlobals) = postSolution
		SolutionGuid = {44CB986E-4DD4-4846-97F7-E5CBCC7E3BBF}
	EndGlobalSection
EndGlobal
